# THIS IS AN AUTOGENERATED FILE. DO NOT EDIT THIS FILE DIRECTLY.
# yarn lockfile v1


tailwindcss-stimulus-components@^5.0.2:
  version "5.0.2"
  resolved "https://registry.yarnpkg.com/tailwindcss-stimulus-components/-/tailwindcss-stimulus-components-5.0.2.tgz#bfbcfcf31a8b7287d0b22738c7f5c73f15040c3c"
  integrity sha512-6hWIAf609Ti8ldXYGdoI3QuadoYf+cWLzQsY7DScWgK5xBpIzdbg4NrC3/yJuEydYoEhm5TCCc3VgxUNmXgDDA==
